// !$*UTF8*$!
{
	archiveVersion = 1;
	classes = {
	};
	objectVersion = 46;
	objects = {

/* Begin PBXBuildFile section */
		2338808D1A8182CA00A9595B /* AppDelegate.swift in Sources */ = {isa = PBXBuildFile; fileRef = 2338808C1A8182CA00A9595B /* AppDelegate.swift */; };
		2338808F1A8182CA00A9595B /* ViewController.swift in Sources */ = {isa = PBXBuildFile; fileRef = 2338808E1A8182CA00A9595B /* ViewController.swift */; };
		233880921A8182CA00A9595B /* Main.storyboard in Resources */ = {isa = PBXBuildFile; fileRef = 233880901A8182CA00A9595B /* Main.storyboard */; };
		233880941A8182CA00A9595B /* Images.xcassets in Resources */ = {isa = PBXBuildFile; fileRef = 233880931A8182CA00A9595B /* Images.xcassets */; };
		233880971A8182CA00A9595B /* LaunchScreen.xib in Resources */ = {isa = PBXBuildFile; fileRef = 233880951A8182CA00A9595B /* LaunchScreen.xib */; };
		233880A31A8182CA00A9595B /* pdfTestTests.swift in Sources */ = {isa = PBXBuildFile; fileRef = 233880A21A8182CA00A9595B /* pdfTestTests.swift */; };
		233880AF1A82AD8800A9595B /* ActionPlan.pdf in Resources */ = {isa = PBXBuildFile; fileRef = 233880AE1A82AD8800A9595B /* ActionPlan.pdf */; };
/* End PBXBuildFile section */

/* Begin PBXContainerItemProxy section */
		2338809D1A8182CA00A9595B /* PBXContainerItemProxy */ = {
			isa = PBXContainerItemProxy;
			containerPortal = 2338807F1A8182CA00A9595B /* Project object */;
			proxyType = 1;
			remoteGlobalIDString = 233880861A8182CA00A9595B;
			remoteInfo = pdfTest;
		};
/* End PBXContainerItemProxy section */

/* Begin PBXFileReference section */
		233880871A8182CA00A9595B /* pdfTest.app */ = {isa = PBXFileReference; explicitFileType = wrapper.application; includeInIndex = 0; path = pdfTest.app; sourceTree = BUILT_PRODUCTS_DIR; };
		2338808B1A8182CA00A9595B /* Info.plist */ = {isa = PBXFileReference; lastKnownFileType = text.plist.xml; path = Info.plist; sourceTree = "<group>"; };
		2338808C1A8182CA00A9595B /* AppDelegate.swift */ = {isa = PBXFileReference; lastKnownFileType = sourcecode.swift; path = AppDelegate.swift; sourceTree = "<group>"; };
		2338808E1A8182CA00A9595B /* ViewController.swift */ = {isa = PBXFileReference; lastKnownFileType = sourcecode.swift; path = ViewController.swift; sourceTree = "<group>"; };
		233880911A8182CA00A9595B /* Base */ = {isa = PBXFileReference; lastKnownFileType = file.storyboard; name = Base; path = Base.lproj/Main.storyboard; sourceTree = "<group>"; };
		233880931A8182CA00A9595B /* Images.xcassets */ = {isa = PBXFileReference; lastKnownFileType = folder.assetcatalog; path = Images.xcassets; sourceTree = "<group>"; };
		233880961A8182CA00A9595B /* Base */ = {isa = PBXFileReference; lastKnownFileType = file.xib; name = Base; path = Base.lproj/LaunchScreen.xib; sourceTree = "<group>"; };
		2338809C1A8182CA00A9595B /* pdfTestTests.xctest */ = {isa = PBXFileReference; explicitFileType = wrapper.cfbundle; includeInIndex = 0; path = pdfTestTests.xctest; sourceTree = BUILT_PRODUCTS_DIR; };
		233880A11A8182CA00A9595B /* Info.plist */ = {isa = PBXFileReference; lastKnownFileType = text.plist.xml; path = Info.plist; sourceTree = "<group>"; };
		233880A21A8182CA00A9595B /* pdfTestTests.swift */ = {isa = PBXFileReference; lastKnownFileType = sourcecode.swift; path = pdfTestTests.swift; sourceTree = "<group>"; };
		233880AE1A82AD8800A9595B /* ActionPlan.pdf */ = {isa = PBXFileReference; lastKnownFileType = image.pdf; path = ActionPlan.pdf; sourceTree = "<group>"; };
/* End PBXFileReference section */

/* Begin PBXFrameworksBuildPhase section */
		233880841A8182CA00A9595B /* Frameworks */ = {
			isa = PBXFrameworksBuildPhase;
			buildActionMask = 2147483647;
			files = (
			);
			runOnlyForDeploymentPostprocessing = 0;
		};
		233880991A8182CA00A9595B /* Frameworks */ = {
			isa = PBXFrameworksBuildPhase;
			buildActionMask = 2147483647;
			files = (
			);
			runOnlyForDeploymentPostprocessing = 0;
		};
/* End PBXFrameworksBuildPhase section */

/* Begin PBXGroup section */
		2338807E1A8182CA00A9595B = {
			isa = PBXGroup;
			children = (
				233880891A8182CA00A9595B /* pdfTest */,
				2338809F1A8182CA00A9595B /* pdfTestTests */,
				233880881A8182CA00A9595B /* Products */,
			);
			sourceTree = "<group>";
		};
		233880881A8182CA00A9595B /* Products */ = {
			isa = PBXGroup;
			children = (
				233880871A8182CA00A9595B /* pdfTest.app */,
				2338809C1A8182CA00A9595B /* pdfTestTests.xctest */,
			);
			name = Products;
			sourceTree = "<group>";
		};
		233880891A8182CA00A9595B /* pdfTest */ = {
			isa = PBXGroup;
			children = (
				2338808C1A8182CA00A9595B /* AppDelegate.swift */,
				2338808E1A8182CA00A9595B /* ViewController.swift */,
				233880901A8182CA00A9595B /* Main.storyboard */,
				233880931A8182CA00A9595B /* Images.xcassets */,
				233880951A8182CA00A9595B /* LaunchScreen.xib */,
				2338808A1A8182CA00A9595B /* Supporting Files */,
			);
			path = pdfTest;
			sourceTree = "<group>";
		};
		2338808A1A8182CA00A9595B /* Supporting Files */ = {
			isa = PBXGroup;
			children = (
				233880AE1A82AD8800A9595B /* ActionPlan.pdf */,
				2338808B1A8182CA00A9595B /* Info.plist */,
			);
			name = "Supporting Files";
			sourceTree = "<group>";
		};
		2338809F1A8182CA00A9595B /* pdfTestTests */ = {
			isa = PBXGroup;
			children = (
				233880A21A8182CA00A9595B /* pdfTestTests.swift */,
				233880A01A8182CA00A9595B /* Supporting Files */,
			);
			path = pdfTestTests;
			sourceTree = "<group>";
		};
		233880A01A8182CA00A9595B /* Supporting Files */ = {
			isa = PBXGroup;
			children = (
				233880A11A8182CA00A9595B /* Info.plist */,
			);
			name = "Supporting Files";
			sourceTree = "<group>";
		};
/* End PBXGroup section */

/* Begin PBXNativeTarget section */
		233880861A8182CA00A9595B /* pdfTest */ = {
			isa = PBXNativeTarget;
			buildConfigurationList = 233880A61A8182CA00A9595B /* Build configuration list for PBXNativeTarget "pdfTest" */;
			buildPhases = (
				233880831A8182CA00A9595B /* Sources */,
				233880841A8182CA00A9595B /* Frameworks */,
				233880851A8182CA00A9595B /* Resources */,
			);
			buildRules = (
			);
			dependencies = (
			);
			name = pdfTest;
			productName = pdfTest;
			productReference = 233880871A8182CA00A9595B /* pdfTest.app */;
			productType = "com.apple.product-type.application";
		};
		2338809B1A8182CA00A9595B /* pdfTestTests */ = {
			isa = PBXNativeTarget;
			buildConfigurationList = 233880A91A8182CA00A9595B /* Build configuration list for PBXNativeTarget "pdfTestTests" */;
			buildPhases = (
				233880981A8182CA00A9595B /* Sources */,
				233880991A8182CA00A9595B /* Frameworks */,
				2338809A1A8182CA00A9595B /* Resources */,
			);
			buildRules = (
			);
			dependencies = (
				2338809E1A8182CA00A9595B /* PBXTargetDependency */,
			);
			name = pdfTestTests;
			productName = pdfTestTests;
			productReference = 2338809C1A8182CA00A9595B /* pdfTestTests.xctest */;
			productType = "com.apple.product-type.bundle.unit-test";
		};
/* End PBXNativeTarget section */

/* Begin PBXProject section */
		2338807F1A8182CA00A9595B /* Project object */ = {
			isa = PBXProject;
			attributes = {
				LastUpgradeCheck = 0610;
				ORGANIZATIONNAME = "Mobile Makers Academy";
				TargetAttributes = {
					233880861A8182CA00A9595B = {
						CreatedOnToolsVersion = 6.1.1;
					};
					2338809B1A8182CA00A9595B = {
						CreatedOnToolsVersion = 6.1.1;
						TestTargetID = 233880861A8182CA00A9595B;
					};
				};
			};
			buildConfigurationList = 233880821A8182CA00A9595B /* Build configuration list for PBXProject "pdfTest" */;
			compatibilityVersion = "Xcode 3.2";
			developmentRegion = English;
			hasScannedForEncodings = 0;
			knownRegions = (
				en,
				Base,
			);
			mainGroup = 2338807E1A8182CA00A9595B;
			productRefGroup = 233880881A8182CA00A9595B /* Products */;
			projectDirPath = "";
			projectRoot = "";
			targets = (
				233880861A8182CA00A9595B /* pdfTest */,
				2338809B1A8182CA00A9595B /* pdfTestTests */,
			);
		};
/* End PBXProject section */

/* Begin PBXResourcesBuildPhase section */
		233880851A8182CA00A9595B /* Resources */ = {
			isa = PBXResourcesBuildPhase;
			buildActionMask = 2147483647;
			files = (
				233880921A8182CA00A9595B /* Main.storyboard in Resources */,
				233880971A8182CA00A9595B /* LaunchScreen.xib in Resources */,
				233880941A8182CA00A9595B /* Images.xcassets in Resources */,
				233880AF1A82AD8800A9595B /* ActionPlan.pdf in Resources */,
			);
			runOnlyForDeploymentPostprocessing = 0;
		};
		2338809A1A8182CA00A9595B /* Resources */ = {
			isa = PBXResourcesBuildPhase;
			buildActionMask = 2147483647;
			files = (
			);
			runOnlyForDeploymentPostprocessing = 0;
		};
/* End PBXResourcesBuildPhase section */

/* Begin PBXSourcesBuildPhase section */
		233880831A8182CA00A9595B /* Sources */ = {
			isa = PBXSourcesBuildPhase;
			buildActionMask = 2147483647;
			files = (
				2338808F1A8182CA00A9595B /* ViewController.swift in Sources */,
				2338808D1A8182CA00A9595B /* AppDelegate.swift in Sources */,
			);
			runOnlyForDeploymentPostprocessing = 0;
		};
		233880981A8182CA00A9595B /* Sources */ = {
			isa = PBXSourcesBuildPhase;
			buildActionMask = 2147483647;
			files = (
				233880A31A8182CA00A9595B /* pdfTestTests.swift in Sources */,
			);
			runOnlyForDeploymentPostprocessing = 0;
		};
/* End PBXSourcesBuildPhase section */

/* Begin PBXTargetDependency section */
		2338809E1A8182CA00A9595B /* PBXTargetDependency */ = {
			isa = PBXTargetDependency;
			target = 233880861A8182CA00A9595B /* pdfTest */;
			targetProxy = 2338809D1A8182CA00A9595B /* PBXContainerItemProxy */;
		};
/* End PBXTargetDependency section */

/* Begin PBXVariantGroup section */
		233880901A8182CA00A9595B /* Main.storyboard */ = {
			isa = PBXVariantGroup;
			children = (
				233880911A8182CA00A9595B /* Base */,
			);
			name = Main.storyboard;
			sourceTree = "<group>";
		};
		233880951A8182CA00A9595B /* LaunchScreen.xib */ = {
			isa = PBXVariantGroup;
			children = (
				233880961A8182CA00A9595B /* Base */,
			);
			name = LaunchScreen.xib;
			sourceTree = "<group>";
		};
/* End PBXVariantGroup section */

/* Begin XCBuildConfiguration section */
		233880A41A8182CA00A9595B /* Debug */ = {
			isa = XCBuildConfiguration;
			buildSettings = {
				ALWAYS_SEARCH_USER_PATHS = NO;
				CLANG_CXX_LANGUAGE_STANDARD = "gnu++0x";
				CLANG_CXX_LIBRARY = "libc++";
				CLANG_ENABLE_MODULES = YES;
				CLANG_ENABLE_OBJC_ARC = YES;
				CLANG_WARN_BOOL_CONVERSION = YES;
				CLANG_WARN_CONSTANT_CONVERSION = YES;
				CLANG_WARN_DIRECT_OBJC_ISA_USAGE = YES_ERROR;
				CLANG_WARN_EMPTY_BODY = YES;
				CLANG_WARN_ENUM_CONVERSION = YES;
				CLANG_WARN_INT_CONVERSION = YES;
				CLANG_WARN_OBJC_ROOT_CLASS = YES_ERROR;
				CLANG_WARN_UNREACHABLE_CODE = YES;
				CLANG_WARN__DUPLICATE_METHOD_MATCH = YES;
				"CODE_SIGN_IDENTITY[sdk=iphoneos*]" = "iPhone Developer";
				COPY_PHASE_STRIP = NO;
				ENABLE_STRICT_OBJC_MSGSEND = YES;
				GCC_C_LANGUAGE_STANDARD = gnu99;
				GCC_DYNAMIC_NO_PIC = NO;
				GCC_OPTIMIZATION_LEVEL = 0;
				GCC_PREPROCESSOR_DEFINITIONS = (
					"DEBUG=1",
					"$(inherited)",
				);
				GCC_SYMBOLS_PRIVATE_EXTERN = NO;
				GCC_WARN_64_TO_32_BIT_CONVERSION = YES;
				GCC_WARN_ABOUT_RETURN_TYPE = YES_ERROR;
				GCC_WARN_UNDECLARED_SELECTOR = YES;
				GCC_WARN_UNINITIALIZED_AUTOS = YES_AGGRESSIVE;
				GCC_WARN_UNUSED_FUNCTION = YES;
				GCC_WARN_UNUSED_VARIABLE = YES;
				IPHONEOS_DEPLOYMENT_TARGET = 8.1;
				MTL_ENABLE_DEBUG_INFO = YES;
				ONLY_ACTIVE_ARCH = YES;
				SDKROOT = iphoneos;
				SWIFT_OPTIMIZATION_LEVEL = "-Onone";
				TARGETED_DEVICE_FAMILY = "1,2";
			};
			name = Debug;
		};
		233880A51A8182CA00A9595B /* Release */ = {
			isa = XCBuildConfiguration;
			buildSettings = {
				ALWAYS_SEARCH_USER_PATHS = NO;
				CLANG_CXX_LANGUAGE_STANDARD = "gnu++0x";
				CLANG_CXX_LIBRARY = "libc++";
				CLANG_ENABLE_MODULES = YES;
				CLANG_ENABLE_OBJC_ARC = YES;
				CLANG_WARN_BOOL_CONVERSION = YES;
				CLANG_WARN_CONSTANT_CONVERSION = YES;
				CLANG_WARN_DIRECT_OBJC_ISA_USAGE = YES_ERROR;
				CLANG_WARN_EMPTY_BODY = YES;
				CLANG_WARN_ENUM_CONVERSION = YES;
				CLANG_WARN_INT_CONVERSION = YES;
				CLANG_WARN_OBJC_ROOT_CLASS = YES_ERROR;
				CLANG_WARN_UNREACHABLE_CODE = YES;
				CLANG_WARN__DUPLICATE_METHOD_MATCH = YES;
				"CODE_SIGN_IDENTITY[sdk=iphoneos*]" = "iPhone Developer";
				COPY_PHASE_STRIP = YES;
				ENABLE_NS_ASSERTIONS = NO;
				ENABLE_STRICT_OBJC_MSGSEND = YES;
				GCC_C_LANGUAGE_STANDARD = gnu99;
				GCC_WARN_64_TO_32_BIT_CONVERSION = YES;
				GCC_WARN_ABOUT_RETURN_TYPE = YES_ERROR;
				GCC_WARN_UNDECLARED_SELECTOR = YES;
				GCC_WARN_UNINITIALIZED_AUTOS = YES_AGGRESSIVE;
				GCC_WARN_UNUSED_FUNCTION = YES;
				GCC_WARN_UNUSED_VARIABLE = YES;
				IPHONEOS_DEPLOYMENT_TARGET = 8.1;
				MTL_ENABLE_DEBUG_INFO = NO;
				SDKROOT = iphoneos;
				TARGETED_DEVICE_FAMILY = "1,2";
				VALIDATE_PRODUCT = YES;
			};
			name = Release;
		};
		233880A71A8182CA00A9595B /* Debug */ = {
			isa = XCBuildConfiguration;
			buildSettings = {
				ASSETCATALOG_COMPILER_APPICON_NAME = AppIcon;
				INFOPLIST_FILE = pdfTest/Info.plist;
				LD_RUNPATH_SEARCH_PATHS = "$(inherited) @executable_path/Frameworks";
				PRODUCT_NAME = "$(TARGET_NAME)";
			};
			name = Debug;
		};
		233880A81A8182CA00A9595B /* Release */ = {
			isa = XCBuildConfiguration;
			buildSettings = {
				ASSETCATALOG_COMPILER_APPICON_NAME = AppIcon;
				INFOPLIST_FILE = pdfTest/Info.plist;
				LD_RUNPATH_SEARCH_PATHS = "$(inherited) @executable_path/Frameworks";
				PRODUCT_NAME = "$(TARGET_NAME)";
			};
			name = Release;
		};
		233880AA1A8182CA00A9595B /* Debug */ = {
			isa = XCBuildConfiguration;
			buildSettings = {
				BUNDLE_LOADER = "$(TEST_HOST)";
				FRAMEWORK_SEARCH_PATHS = (
					"$(SDKROOT)/Developer/Library/Frameworks",
					"$(inherited)",
				);
				GCC_PREPROCESSOR_DEFINITIONS = (
					"DEBUG=1",
					"$(inherited)",
				);
				INFOPLIST_FILE = pdfTestTests/Info.plist;
				LD_RUNPATH_SEARCH_PATHS = "$(inherited) @executable_path/Frameworks @loader_path/Frameworks";
				PRODUCT_NAME = "$(TARGET_NAME)";
				TEST_HOST = "$(BUILT_PRODUCTS_DIR)/pdfTest.app/pdfTest";
			};
			name = Debug;
		};
		233880AB1A8182CA00A9595B /* Release */ = {
			isa = XCBuildConfiguration;
			buildSettings = {
				BUNDLE_LOADER = "$(TEST_HOST)";
				FRAMEWORK_SEARCH_PATHS = (
					"$(SDKROOT)/Developer/Library/Frameworks",
					"$(inherited)",
				);
				INFOPLIST_FILE = pdfTestTests/Info.plist;
				LD_RUNPATH_SEARCH_PATHS = "$(inherited) @executable_path/Frameworks @loader_path/Frameworks";
				PRODUCT_NAME = "$(TARGET_NAME)";
				TEST_HOST = "$(BUILT_PRODUCTS_DIR)/pdfTest.app/pdfTest";
			};
			name = Release;
		};
/* End XCBuildConfiguration section */

/* Begin XCConfigurationList section */
		233880821A8182CA00A9595B /* Build configuration list for PBXProject "pdfTest" */ = {
			isa = XCConfigurationList;
			buildConfigurations = (
				233880A41A8182CA00A9595B /* Debug */,
				233880A51A8182CA00A9595B /* Release */,
			);
			defaultConfigurationIsVisible = 0;
			defaultConfigurationName = Release;
		};
		233880A61A8182CA00A9595B /* Build configuration list for PBXNativeTarget "pdfTest" */ = {
			isa = XCConfigurationList;
			buildConfigurations = (
				233880A71A8182CA00A9595B /* Debug */,
				233880A81A8182CA00A9595B /* Release */,
			);
			defaultConfigurationIsVisible = 0;
		};
		233880A91A8182CA00A9595B /* Build configuration list for PBXNativeTarget "pdfTestTests" */ = {
			isa = XCConfigurationList;
			buildConfigurations = (
				233880AA1A8182CA00A9595B /* Debug */,
				233880AB1A8182CA00A9595B /* Release */,
			);
			defaultConfigurationIsVisible = 0;
		};
/* End XCConfigurationList section */
	};
	rootObject = 2338807F1A8182CA00A9595B /* Project object */;
}
